
Microsoft Visual Studio Solution File, Format Version 12.00
# Visual Studio Version 17
VisualStudioVersion = 17.9.34902.65
MinimumVisualStudioVersion = 10.0.40219.1
Project("{FAE04EC0-301F-11D3-BF4B-00C04F79EFBC}") = "marismod", "marismod.csproj", "{0CF10586-1BDC-4EF1-BF48-08A4A6E358DA}"
EndProject
Global
	GlobalSection(SolutionConfigurationPlatforms) = preSolution
		Debug|Any CPU = Debug|Any CPU
		Release|Any CPU = Release|Any CPU
	EndGlobalSection
	GlobalSection(ProjectConfigurationPlatforms) = postSolution
		{0CF10586-1BDC-4EF1-BF48-08A4A6E358DA}.Debug|Any CPU.ActiveCfg = Debug|Any CPU
		{0CF10586-1BDC-4EF1-BF48-08A4A6E358DA}.Debug|Any CPU.Build.0 = Debug|Any CPU
		{0CF10586-1BDC-4EF1-BF48-08A4A6E358DA}.Release|Any CPU.ActiveCfg = Release|Any CPU
		{0CF10586-1BDC-4EF1-BF48-08A4A6E358DA}.Release|Any CPU.Build.0 = Release|Any CPU
	EndGlobalSection
	GlobalSection(SolutionProperties) = preSolution
		HideSolutionNode = FALSE
	EndGlobalSection
	GlobalSection(ExtensibilityGlobals) = postSolution
		SolutionGuid = {961C9966-8AFE-4918-9333-D355B2A49270}
	EndGlobalSection
EndGlobal
